
Microsoft Visual Studio Solution File, Format Version 12.00
# Visual Studio Version 17
VisualStudioVersion = 17.7.34221.43
MinimumVisualStudioVersion = 10.0.40219.1
Project("{FAE04EC0-301F-11D3-BF4B-00C04F79EFBC}") = "ai-assistant-backend", "ai-assistant-backend\ai-assistant-backend.csproj", "{E334FB30-775D-4C14-8C5F-36D03003107A}"
EndProject
Global
	GlobalSection(SolutionConfigurationPlatforms) = preSolution
		Debug|Any CPU = Debug|Any CPU
		Release|Any CPU = Release|Any CPU
	EndGlobalSection
	GlobalSection(ProjectConfigurationPlatforms) = postSolution
		{E334FB30-775D-4C14-8C5F-36D03003107A}.Debug|Any CPU.ActiveCfg = Debug|Any CPU
		{E334FB30-775D-4C14-8C5F-36D03003107A}.Debug|Any CPU.Build.0 = Debug|Any CPU
		{E334FB30-775D-4C14-8C5F-36D03003107A}.Release|Any CPU.ActiveCfg = Release|Any CPU
		{E334FB30-775D-4C14-8C5F-36D03003107A}.Release|Any CPU.Build.0 = Release|Any CPU
	EndGlobalSection
	GlobalSection(SolutionProperties) = preSolution
		HideSolutionNode = FALSE
	EndGlobalSection
	GlobalSection(ExtensibilityGlobals) = postSolution
		SolutionGuid = {ED2BDC2F-30B4-4ACA-8285-22F755042439}
	EndGlobalSection
EndGlobal
